// !$*UTF8*$!
{
	archiveVersion = 1;
	classes = {
	};
	objectVersion = 56;
	objects = {

/* Begin PBXBuildFile section */
		0844670F291F90A8004EDD97 /* VideoLessonsApp.swift in Sources */ = {isa = PBXBuildFile; fileRef = 0844670E291F90A8004EDD97 /* VideoLessonsApp.swift */; };
		08446711291F90A8004EDD97 /* HomeView.swift in Sources */ = {isa = PBXBuildFile; fileRef = 08446710291F90A8004EDD97 /* HomeView.swift */; };
		08446713291F90A9004EDD97 /* Assets.xcassets in Resources */ = {isa = PBXBuildFile; fileRef = 08446712291F90A9004EDD97 /* Assets.xcassets */; };
		08446716291F90A9004EDD97 /* Preview Assets.xcassets in Resources */ = {isa = PBXBuildFile; fileRef = 08446715291F90A9004EDD97 /* Preview Assets.xcassets */; };
		08446720291F9147004EDD97 /* Model.swift in Sources */ = {isa = PBXBuildFile; fileRef = 0844671F291F9147004EDD97 /* Model.swift */; };
		08446722291F9151004EDD97 /* ViewModel.swift in Sources */ = {isa = PBXBuildFile; fileRef = 08446721291F9151004EDD97 /* ViewModel.swift */; };
		0844672429200760004EDD97 /* LessonView.swift in Sources */ = {isa = PBXBuildFile; fileRef = 0844672329200760004EDD97 /* LessonView.swift */; };
		0844672929200DD3004EDD97 /* AVKit.framework in Frameworks */ = {isa = PBXBuildFile; fileRef = 0844672829200DD3004EDD97 /* AVKit.framework */; };
		08CEF00629211F780062A9BD /* SearchBarView.swift in Sources */ = {isa = PBXBuildFile; fileRef = 08CEF00529211F780062A9BD /* SearchBarView.swift */; };
/* End PBXBuildFile section */

/* Begin PBXFileReference section */
		0844670B291F90A8004EDD97 /* VideoLessons.app */ = {isa = PBXFileReference; explicitFileType = wrapper.application; includeInIndex = 0; path = VideoLessons.app; sourceTree = BUILT_PRODUCTS_DIR; };
		0844670E291F90A8004EDD97 /* VideoLessonsApp.swift */ = {isa = PBXFileReference; lastKnownFileType = sourcecode.swift; path = VideoLessonsApp.swift; sourceTree = "<group>"; };
		08446710291F90A8004EDD97 /* HomeView.swift */ = {isa = PBXFileReference; lastKnownFileType = sourcecode.swift; path = HomeView.swift; sourceTree = "<group>"; };
		08446712291F90A9004EDD97 /* Assets.xcassets */ = {isa = PBXFileReference; lastKnownFileType = folder.assetcatalog; path = Assets.xcassets; sourceTree = "<group>"; };
		08446715291F90A9004EDD97 /* Preview Assets.xcassets */ = {isa = PBXFileReference; lastKnownFileType = folder.assetcatalog; path = "Preview Assets.xcassets"; sourceTree = "<group>"; };
		0844671F291F9147004EDD97 /* Model.swift */ = {isa = PBXFileReference; lastKnownFileType = sourcecode.swift; path = Model.swift; sourceTree = "<group>"; };
		08446721291F9151004EDD97 /* ViewModel.swift */ = {isa = PBXFileReference; lastKnownFileType = sourcecode.swift; path = ViewModel.swift; sourceTree = "<group>"; };
		0844672329200760004EDD97 /* LessonView.swift */ = {isa = PBXFileReference; lastKnownFileType = sourcecode.swift; path = LessonView.swift; sourceTree = "<group>"; };
		0844672829200DD3004EDD97 /* AVKit.framework */ = {isa = PBXFileReference; lastKnownFileType = wrapper.framework; name = AVKit.framework; path = System/Library/Frameworks/AVKit.framework; sourceTree = SDKROOT; };
		08CEF00529211F780062A9BD /* SearchBarView.swift */ = {isa = PBXFileReference; lastKnownFileType = sourcecode.swift; path = SearchBarView.swift; sourceTree = "<group>"; };
/* End PBXFileReference section */

/* Begin PBXFrameworksBuildPhase section */
		08446708291F90A8004EDD97 /* Frameworks */ = {
			isa = PBXFrameworksBuildPhase;
			buildActionMask = 2147483647;
			files = (
				0844672929200DD3004EDD97 /* AVKit.framework in Frameworks */,
			);
			runOnlyForDeploymentPostprocessing = 0;
		};
/* End PBXFrameworksBuildPhase section */

/* Begin PBXGroup section */
		08446702291F90A8004EDD97 = {
			isa = PBXGroup;
			children = (
				0844670D291F90A8004EDD97 /* VideoLessons */,
				0844670C291F90A8004EDD97 /* Products */,
				0844672729200DD3004EDD97 /* Frameworks */,
			);
			sourceTree = "<group>";
		};
		0844670C291F90A8004EDD97 /* Products */ = {
			isa = PBXGroup;
			children = (
				0844670B291F90A8004EDD97 /* VideoLessons.app */,
			);
			name = Products;
			sourceTree = "<group>";
		};
		0844670D291F90A8004EDD97 /* VideoLessons */ = {
			isa = PBXGroup;
			children = (
				0844670E291F90A8004EDD97 /* VideoLessonsApp.swift */,
				0844671E291F90CD004EDD97 /* View */,
				0844671D291F90C5004EDD97 /* ViewModel */,
				0844671C291F90BB004EDD97 /* Model */,
				08446712291F90A9004EDD97 /* Assets.xcassets */,
				08446714291F90A9004EDD97 /* Preview Content */,
			);
			path = VideoLessons;
			sourceTree = "<group>";
		};
		08446714291F90A9004EDD97 /* Preview Content */ = {
			isa = PBXGroup;
			children = (
				08446715291F90A9004EDD97 /* Preview Assets.xcassets */,
			);
			path = "Preview Content";
			sourceTree = "<group>";
		};
		0844671C291F90BB004EDD97 /* Model */ = {
			isa = PBXGroup;
			children = (
				0844671F291F9147004EDD97 /* Model.swift */,
			);
			path = Model;
			sourceTree = "<group>";
		};
		0844671D291F90C5004EDD97 /* ViewModel */ = {
			isa = PBXGroup;
			children = (
				08446721291F9151004EDD97 /* ViewModel.swift */,
			);
			path = ViewModel;
			sourceTree = "<group>";
		};
		0844671E291F90CD004EDD97 /* View */ = {
			isa = PBXGroup;
			children = (
				08446710291F90A8004EDD97 /* HomeView.swift */,
				0844672329200760004EDD97 /* LessonView.swift */,
				08CEF00529211F780062A9BD /* SearchBarView.swift */,
			);
			path = View;
			sourceTree = "<group>";
		};
		0844672729200DD3004EDD97 /* Frameworks */ = {
			isa = PBXGroup;
			children = (
				0844672829200DD3004EDD97 /* AVKit.framework */,
			);
			name = Frameworks;
			sourceTree = "<group>";
		};
/* End PBXGroup section */

/* Begin PBXNativeTarget section */
		0844670A291F90A8004EDD97 /* VideoLessons */ = {
			isa = PBXNativeTarget;
			buildConfigurationList = 08446719291F90A9004EDD97 /* Build configuration list for PBXNativeTarget "VideoLessons" */;
			buildPhases = (
				08446707291F90A8004EDD97 /* Sources */,
				08446708291F90A8004EDD97 /* Frameworks */,
				08446709291F90A8004EDD97 /* Resources */,
			);
			buildRules = (
			);
			dependencies = (
			);
			name = VideoLessons;
			productName = "Wrap up challenge M5";
			productReference = 0844670B291F90A8004EDD97 /* VideoLessons.app */;
			productType = "com.apple.product-type.application";
		};
/* End PBXNativeTarget section */

/* Begin PBXProject section */
		08446703291F90A8004EDD97 /* Project object */ = {
			isa = PBXProject;
			attributes = {
				BuildIndependentTargetsInParallel = 1;
				LastSwiftUpdateCheck = 1400;
				LastUpgradeCheck = 1400;
				TargetAttributes = {
					0844670A291F90A8004EDD97 = {
						CreatedOnToolsVersion = 14.0.1;
					};
				};
			};
			buildConfigurationList = 08446706291F90A8004EDD97 /* Build configuration list for PBXProject "VideoLessons" */;
			compatibilityVersion = "Xcode 14.0";
			developmentRegion = en;
			hasScannedForEncodings = 0;
			knownRegions = (
				en,
				Base,
			);
			mainGroup = 08446702291F90A8004EDD97;
			productRefGroup = 0844670C291F90A8004EDD97 /* Products */;
			projectDirPath = "";
			projectRoot = "";
			targets = (
				0844670A291F90A8004EDD97 /* VideoLessons */,
			);
		};
/* End PBXProject section */

/* Begin PBXResourcesBuildPhase section */
		08446709291F90A8004EDD97 /* Resources */ = {
			isa = PBXResourcesBuildPhase;
			buildActionMask = 2147483647;
			files = (
				08446716291F90A9004EDD97 /* Preview Assets.xcassets in Resources */,
				08446713291F90A9004EDD97 /* Assets.xcassets in Resources */,
			);
			runOnlyForDeploymentPostprocessing = 0;
		};
/* End PBXResourcesBuildPhase section */

/* Begin PBXSourcesBuildPhase section */
		08446707291F90A8004EDD97 /* Sources */ = {
			isa = PBXSourcesBuildPhase;
			buildActionMask = 2147483647;
			files = (
				08446720291F9147004EDD97 /* Model.swift in Sources */,
				08446711291F90A8004EDD97 /* HomeView.swift in Sources */,
				08446722291F9151004EDD97 /* ViewModel.swift in Sources */,
				0844672429200760004EDD97 /* LessonView.swift in Sources */,
				08CEF00629211F780062A9BD /* SearchBarView.swift in Sources */,
				0844670F291F90A8004EDD97 /* VideoLessonsApp.swift in Sources */,
			);
			runOnlyForDeploymentPostprocessing = 0;
		};
/* End PBXSourcesBuildPhase section */

/* Begin XCBuildConfiguration section */
		08446717291F90A9004EDD97 /* Debug */ = {
			isa = XCBuildConfiguration;
			buildSettings = {
				ALWAYS_SEARCH_USER_PATHS = NO;
				CLANG_ANALYZER_NONNULL = YES;
				CLANG_ANALYZER_NUMBER_OBJECT_CONVERSION = YES_AGGRESSIVE;
				CLANG_CXX_LANGUAGE_STANDARD = "gnu++20";
				CLANG_ENABLE_MODULES = YES;
				CLANG_ENABLE_OBJC_ARC = YES;
				CLANG_ENABLE_OBJC_WEAK = YES;
				CLANG_WARN_BLOCK_CAPTURE_AUTORELEASING = YES;
				CLANG_WARN_BOOL_CONVERSION = YES;
				CLANG_WARN_COMMA = YES;
				CLANG_WARN_CONSTANT_CONVERSION = YES;
				CLANG_WARN_DEPRECATED_OBJC_IMPLEMENTATIONS = YES;
				CLANG_WARN_DIRECT_OBJC_ISA_USAGE = YES_ERROR;
				CLANG_WARN_DOCUMENTATION_COMMENTS = YES;
				CLANG_WARN_EMPTY_BODY = YES;
				CLANG_WARN_ENUM_CONVERSION = YES;
				CLANG_WARN_INFINITE_RECURSION = YES;
				CLANG_WARN_INT_CONVERSION = YES;
				CLANG_WARN_NON_LITERAL_NULL_CONVERSION = YES;
				CLANG_WARN_OBJC_IMPLICIT_RETAIN_SELF = YES;
				CLANG_WARN_OBJC_LITERAL_CONVERSION = YES;
				CLANG_WARN_OBJC_ROOT_CLASS = YES_ERROR;
				CLANG_WARN_QUOTED_INCLUDE_IN_FRAMEWORK_HEADER = YES;
				CLANG_WARN_RANGE_LOOP_ANALYSIS = YES;
				CLANG_WARN_STRICT_PROTOTYPES = YES;
				CLANG_WARN_SUSPICIOUS_MOVE = YES;
				CLANG_WARN_UNGUARDED_AVAILABILITY = YES_AGGRESSIVE;
				CLANG_WARN_UNREACHABLE_CODE = YES;
				CLANG_WARN__DUPLICATE_METHOD_MATCH = YES;
				COPY_PHASE_STRIP = NO;
				DEBUG_INFORMATION_FORMAT = dwarf;
				ENABLE_STRICT_OBJC_MSGSEND = YES;
				ENABLE_TESTABILITY = YES;
				GCC_C_LANGUAGE_STANDARD = gnu11;
				GCC_DYNAMIC_NO_PIC = NO;
				GCC_NO_COMMON_BLOCKS = YES;
				GCC_OPTIMIZATION_LEVEL = 0;
				GCC_PREPROCESSOR_DEFINITIONS = (
					"DEBUG=1",
					"$(inherited)",
				);
				GCC_WARN_64_TO_32_BIT_CONVERSION = YES;
				GCC_WARN_ABOUT_RETURN_TYPE = YES_ERROR;
				GCC_WARN_UNDECLARED_SELECTOR = YES;
				GCC_WARN_UNINITIALIZED_AUTOS = YES_AGGRESSIVE;
				GCC_WARN_UNUSED_FUNCTION = YES;
				GCC_WARN_UNUSED_VARIABLE = YES;
				IPHONEOS_DEPLOYMENT_TARGET = 16.0;
				MTL_ENABLE_DEBUG_INFO = INCLUDE_SOURCE;
				MTL_FAST_MATH = YES;
				ONLY_ACTIVE_ARCH = YES;
				SDKROOT = iphoneos;
				SWIFT_ACTIVE_COMPILATION_CONDITIONS = DEBUG;
				SWIFT_OPTIMIZATION_LEVEL = "-Onone";
			};
			name = Debug;
		};
		08446718291F90A9004EDD97 /* Release */ = {
			isa = XCBuildConfiguration;
			buildSettings = {
				ALWAYS_SEARCH_USER_PATHS = NO;
				CLANG_ANALYZER_NONNULL = YES;
				CLANG_ANALYZER_NUMBER_OBJECT_CONVERSION = YES_AGGRESSIVE;
				CLANG_CXX_LANGUAGE_STANDARD = "gnu++20";
				CLANG_ENABLE_MODULES = YES;
				CLANG_ENABLE_OBJC_ARC = YES;
				CLANG_ENABLE_OBJC_WEAK = YES;
				CLANG_WARN_BLOCK_CAPTURE_AUTORELEASING = YES;
				CLANG_WARN_BOOL_CONVERSION = YES;
				CLANG_WARN_COMMA = YES;
				CLANG_WARN_CONSTANT_CONVERSION = YES;
				CLANG_WARN_DEPRECATED_OBJC_IMPLEMENTATIONS = YES;
				CLANG_WARN_DIRECT_OBJC_ISA_USAGE = YES_ERROR;
				CLANG_WARN_DOCUMENTATION_COMMENTS = YES;
				CLANG_WARN_EMPTY_BODY = YES;
				CLANG_WARN_ENUM_CONVERSION = YES;
				CLANG_WARN_INFINITE_RECURSION = YES;
				CLANG_WARN_INT_CONVERSION = YES;
				CLANG_WARN_NON_LITERAL_NULL_CONVERSION = YES;
				CLANG_WARN_OBJC_IMPLICIT_RETAIN_SELF = YES;
				CLANG_WARN_OBJC_LITERAL_CONVERSION = YES;
				CLANG_WARN_OBJC_ROOT_CLASS = YES_ERROR;
				CLANG_WARN_QUOTED_INCLUDE_IN_FRAMEWORK_HEADER = YES;
				CLANG_WARN_RANGE_LOOP_ANALYSIS = YES;
				CLANG_WARN_STRICT_PROTOTYPES = YES;
				CLANG_WARN_SUSPICIOUS_MOVE = YES;
				CLANG_WARN_UNGUARDED_AVAILABILITY = YES_AGGRESSIVE;
				CLANG_WARN_UNREACHABLE_CODE = YES;
				CLANG_WARN__DUPLICATE_METHOD_MATCH = YES;
				COPY_PHASE_STRIP = NO;
				DEBUG_INFORMATION_FORMAT = "dwarf-with-dsym";
				ENABLE_NS_ASSERTIONS = NO;
				ENABLE_STRICT_OBJC_MSGSEND = YES;
				GCC_C_LANGUAGE_STANDARD = gnu11;
				GCC_NO_COMMON_BLOCKS = YES;
				GCC_WARN_64_TO_32_BIT_CONVERSION = YES;
				GCC_WARN_ABOUT_RETURN_TYPE = YES_ERROR;
				GCC_WARN_UNDECLARED_SELECTOR = YES;
				GCC_WARN_UNINITIALIZED_AUTOS = YES_AGGRESSIVE;
				GCC_WARN_UNUSED_FUNCTION = YES;
				GCC_WARN_UNUSED_VARIABLE = YES;
				IPHONEOS_DEPLOYMENT_TARGET = 16.0;
				MTL_ENABLE_DEBUG_INFO = NO;
				MTL_FAST_MATH = YES;
				SDKROOT = iphoneos;
				SWIFT_COMPILATION_MODE = wholemodule;
				SWIFT_OPTIMIZATION_LEVEL = "-O";
				VALIDATE_PRODUCT = YES;
			};
			name = Release;
		};
		0844671A291F90A9004EDD97 /* Debug */ = {
			isa = XCBuildConfiguration;
			buildSettings = {
				ASSETCATALOG_COMPILER_APPICON_NAME = AppIcon;
				ASSETCATALOG_COMPILER_GLOBAL_ACCENT_COLOR_NAME = AccentColor;
				CODE_SIGN_STYLE = Automatic;
				CURRENT_PROJECT_VERSION = 1;
				DEVELOPMENT_ASSET_PATHS = "\"VideoLessons/Preview Content\"";
				DEVELOPMENT_TEAM = L8JB8R53DD;
				ENABLE_PREVIEWS = YES;
				GENERATE_INFOPLIST_FILE = YES;
				INFOPLIST_KEY_UIApplicationSceneManifest_Generation = YES;
				INFOPLIST_KEY_UIApplicationSupportsIndirectInputEvents = YES;
				INFOPLIST_KEY_UILaunchScreen_Generation = YES;
				INFOPLIST_KEY_UISupportedInterfaceOrientations_iPad = "UIInterfaceOrientationPortrait UIInterfaceOrientationPortraitUpsideDown UIInterfaceOrientationLandscapeLeft UIInterfaceOrientationLandscapeRight";
				INFOPLIST_KEY_UISupportedInterfaceOrientations_iPhone = "UIInterfaceOrientationPortrait UIInterfaceOrientationLandscapeLeft UIInterfaceOrientationLandscapeRight";
				LD_RUNPATH_SEARCH_PATHS = (
					"$(inherited)",
					"@executable_path/Frameworks",
				);
				MARKETING_VERSION = 1.0;
				PRODUCT_BUNDLE_IDENTIFIER = "com.swift.VideoLessons-challenge";
				PRODUCT_NAME = "$(TARGET_NAME)";
				SWIFT_EMIT_LOC_STRINGS = YES;
				SWIFT_VERSION = 5.0;
				TARGETED_DEVICE_FAMILY = "1,2";
			};
			name = Debug;
		};
		0844671B291F90A9004EDD97 /* Release */ = {
			isa = XCBuildConfiguration;
			buildSettings = {
				ASSETCATALOG_COMPILER_APPICON_NAME = AppIcon;
				ASSETCATALOG_COMPILER_GLOBAL_ACCENT_COLOR_NAME = AccentColor;
				CODE_SIGN_STYLE = Automatic;
				CURRENT_PROJECT_VERSION = 1;
				DEVELOPMENT_ASSET_PATHS = "\"VideoLessons/Preview Content\"";
				DEVELOPMENT_TEAM = L8JB8R53DD;
				ENABLE_PREVIEWS = YES;
				GENERATE_INFOPLIST_FILE = YES;
				INFOPLIST_KEY_UIApplicationSceneManifest_Generation = YES;
				INFOPLIST_KEY_UIApplicationSupportsIndirectInputEvents = YES;
				INFOPLIST_KEY_UILaunchScreen_Generation = YES;
				INFOPLIST_KEY_UISupportedInterfaceOrientations_iPad = "UIInterfaceOrientationPortrait UIInterfaceOrientationPortraitUpsideDown UIInterfaceOrientationLandscapeLeft UIInterfaceOrientationLandscapeRight";
				INFOPLIST_KEY_UISupportedInterfaceOrientations_iPhone = "UIInterfaceOrientationPortrait UIInterfaceOrientationLandscapeLeft UIInterfaceOrientationLandscapeRight";
				LD_RUNPATH_SEARCH_PATHS = (
					"$(inherited)",
					"@executable_path/Frameworks",
				);
				MARKETING_VERSION = 1.0;
				PRODUCT_BUNDLE_IDENTIFIER = "com.swift.VideoLessons-challenge";
				PRODUCT_NAME = "$(TARGET_NAME)";
				SWIFT_EMIT_LOC_STRINGS = YES;
				SWIFT_VERSION = 5.0;
				TARGETED_DEVICE_FAMILY = "1,2";
			};
			name = Release;
		};
/* End XCBuildConfiguration section */

/* Begin XCConfigurationList section */
		08446706291F90A8004EDD97 /* Build configuration list for PBXProject "VideoLessons" */ = {
			isa = XCConfigurationList;
			buildConfigurations = (
				08446717291F90A9004EDD97 /* Debug */,
				08446718291F90A9004EDD97 /* Release */,
			);
			defaultConfigurationIsVisible = 0;
			defaultConfigurationName = Release;
		};
		08446719291F90A9004EDD97 /* Build configuration list for PBXNativeTarget "VideoLessons" */ = {
			isa = XCConfigurationList;
			buildConfigurations = (
				0844671A291F90A9004EDD97 /* Debug */,
				0844671B291F90A9004EDD97 /* Release */,
			);
			defaultConfigurationIsVisible = 0;
			defaultConfigurationName = Release;
		};
/* End XCConfigurationList section */
	};
	rootObject = 08446703291F90A8004EDD97 /* Project object */;
}
